
Microsoft Visual Studio Solution File, Format Version 12.00
# Visual Studio 15
VisualStudioVersion = 15.0.27703.2026
MinimumVisualStudioVersion = 10.0.40219.1
Project("{FAE04EC0-301F-11D3-BF4B-00C04F79EFBC}") = "CallAladdin.Android", "CallAladdin\CallAladdin.Android\CallAladdin.Android.csproj", "{871A71E2-23AB-4AD7-BFC1-AD66427F577A}"
EndProject
Project("{FAE04EC0-301F-11D3-BF4B-00C04F79EFBC}") = "CallAladdin.iOS", "CallAladdin\CallAladdin.iOS\CallAladdin.iOS.csproj", "{2AEC6290-43D2-45F1-8F5C-A629BE4D323F}"
EndProject
Project("{FAE04EC0-301F-11D3-BF4B-00C04F79EFBC}") = "CallAladdin", "CallAladdin\CallAladdin\CallAladdin.csproj", "{44327F4C-4677-4F3F-852B-50402050E14F}"
EndProject
Global
	GlobalSection(SolutionConfigurationPlatforms) = preSolution
		Ad-Hoc|Any CPU = Ad-Hoc|Any CPU
		Ad-Hoc|iPhone = Ad-Hoc|iPhone
		Ad-Hoc|iPhoneSimulator = Ad-Hoc|iPhoneSimulator
		AppStore|Any CPU = AppStore|Any CPU
		AppStore|iPhone = AppStore|iPhone
		AppStore|iPhoneSimulator = AppStore|iPhoneSimulator
		Debug|Any CPU = Debug|Any CPU
		Debug|iPhone = Debug|iPhone
		Debug|iPhoneSimulator = Debug|iPhoneSimulator
		Release|Any CPU = Release|Any CPU
		Release|iPhone = Release|iPhone
		Release|iPhoneSimulator = Release|iPhoneSimulator
	EndGlobalSection
	GlobalSection(ProjectConfigurationPlatforms) = postSolution
		{871A71E2-23AB-4AD7-BFC1-AD66427F577A}.Ad-Hoc|Any CPU.ActiveCfg = Release|Any CPU
		{871A71E2-23AB-4AD7-BFC1-AD66427F577A}.Ad-Hoc|Any CPU.Build.0 = Release|Any CPU
		{871A71E2-23AB-4AD7-BFC1-AD66427F577A}.Ad-Hoc|Any CPU.Deploy.0 = Release|Any CPU
		{871A71E2-23AB-4AD7-BFC1-AD66427F577A}.Ad-Hoc|iPhone.ActiveCfg = Release|Any CPU
		{871A71E2-23AB-4AD7-BFC1-AD66427F577A}.Ad-Hoc|iPhone.Build.0 = Release|Any CPU
		{871A71E2-23AB-4AD7-BFC1-AD66427F577A}.Ad-Hoc|iPhone.Deploy.0 = Release|Any CPU
		{871A71E2-23AB-4AD7-BFC1-AD66427F577A}.Ad-Hoc|iPhoneSimulator.ActiveCfg = Release|Any CPU
		{871A71E2-23AB-4AD7-BFC1-AD66427F577A}.Ad-Hoc|iPhoneSimulator.Build.0 = Release|Any CPU
		{871A71E2-23AB-4AD7-BFC1-AD66427F577A}.Ad-Hoc|iPhoneSimulator.Deploy.0 = Release|Any CPU
		{871A71E2-23AB-4AD7-BFC1-AD66427F577A}.AppStore|Any CPU.ActiveCfg = Release|Any CPU
		{871A71E2-23AB-4AD7-BFC1-AD66427F577A}.AppStore|Any CPU.Build.0 = Release|Any CPU
		{871A71E2-23AB-4AD7-BFC1-AD66427F577A}.AppStore|Any CPU.Deploy.0 = Release|Any CPU
		{871A71E2-23AB-4AD7-BFC1-AD66427F577A}.AppStore|iPhone.ActiveCfg = Release|Any CPU
		{871A71E2-23AB-4AD7-BFC1-AD66427F577A}.AppStore|iPhone.Build.0 = Release|Any CPU
		{871A71E2-23AB-4AD7-BFC1-AD66427F577A}.AppStore|iPhone.Deploy.0 = Release|Any CPU
		{871A71E2-23AB-4AD7-BFC1-AD66427F577A}.AppStore|iPhoneSimulator.ActiveCfg = Release|Any CPU
		{871A71E2-23AB-4AD7-BFC1-AD66427F577A}.AppStore|iPhoneSimulator.Build.0 = Release|Any CPU
		{871A71E2-23AB-4AD7-BFC1-AD66427F577A}.AppStore|iPhoneSimulator.Deploy.0 = Release|Any CPU
		{871A71E2-23AB-4AD7-BFC1-AD66427F577A}.Debug|Any CPU.ActiveCfg = Debug|Any CPU
		{871A71E2-23AB-4AD7-BFC1-AD66427F577A}.Debug|Any CPU.Build.0 = Debug|Any CPU
		{871A71E2-23AB-4AD7-BFC1-AD66427F577A}.Debug|Any CPU.Deploy.0 = Debug|Any CPU
		{871A71E2-23AB-4AD7-BFC1-AD66427F577A}.Debug|iPhone.ActiveCfg = Debug|Any CPU
		{871A71E2-23AB-4AD7-BFC1-AD66427F577A}.Debug|iPhone.Build.0 = Debug|Any CPU
		{871A71E2-23AB-4AD7-BFC1-AD66427F577A}.Debug|iPhone.Deploy.0 = Debug|Any CPU
		{871A71E2-23AB-4AD7-BFC1-AD66427F577A}.Debug|iPhoneSimulator.ActiveCfg = Debug|Any CPU
		{871A71E2-23AB-4AD7-BFC1-AD66427F577A}.Debug|iPhoneSimulator.Build.0 = Debug|Any CPU
		{871A71E2-23AB-4AD7-BFC1-AD66427F577A}.Debug|iPhoneSimulator.Deploy.0 = Debug|Any CPU
		{871A71E2-23AB-4AD7-BFC1-AD66427F577A}.Release|Any CPU.ActiveCfg = Release|Any CPU
		{871A71E2-23AB-4AD7-BFC1-AD66427F577A}.Release|Any CPU.Build.0 = Release|Any CPU
		{871A71E2-23AB-4AD7-BFC1-AD66427F577A}.Release|Any CPU.Deploy.0 = Release|Any CPU
		{871A71E2-23AB-4AD7-BFC1-AD66427F577A}.Release|iPhone.ActiveCfg = Release|Any CPU
		{871A71E2-23AB-4AD7-BFC1-AD66427F577A}.Release|iPhone.Build.0 = Release|Any CPU
		{871A71E2-23AB-4AD7-BFC1-AD66427F577A}.Release|iPhone.Deploy.0 = Release|Any CPU
		{871A71E2-23AB-4AD7-BFC1-AD66427F577A}.Release|iPhoneSimulator.ActiveCfg = Release|Any CPU
		{871A71E2-23AB-4AD7-BFC1-AD66427F577A}.Release|iPhoneSimulator.Build.0 = Release|Any CPU
		{871A71E2-23AB-4AD7-BFC1-AD66427F577A}.Release|iPhoneSimulator.Deploy.0 = Release|Any CPU
		{2AEC6290-43D2-45F1-8F5C-A629BE4D323F}.Ad-Hoc|Any CPU.ActiveCfg = Ad-Hoc|iPhone
		{2AEC6290-43D2-45F1-8F5C-A629BE4D323F}.Ad-Hoc|Any CPU.Build.0 = Ad-Hoc|iPhone
		{2AEC6290-43D2-45F1-8F5C-A629BE4D323F}.Ad-Hoc|Any CPU.Deploy.0 = Ad-Hoc|iPhone
		{2AEC6290-43D2-45F1-8F5C-A629BE4D323F}.Ad-Hoc|iPhone.ActiveCfg = Ad-Hoc|iPhone
		{2AEC6290-43D2-45F1-8F5C-A629BE4D323F}.Ad-Hoc|iPhone.Build.0 = Ad-Hoc|iPhone
		{2AEC6290-43D2-45F1-8F5C-A629BE4D323F}.Ad-Hoc|iPhone.Deploy.0 = Ad-Hoc|iPhone
		{2AEC6290-43D2-45F1-8F5C-A629BE4D323F}.Ad-Hoc|iPhoneSimulator.ActiveCfg = Ad-Hoc|iPhoneSimulator
		{2AEC6290-43D2-45F1-8F5C-A629BE4D323F}.Ad-Hoc|iPhoneSimulator.Build.0 = Ad-Hoc|iPhoneSimulator
		{2AEC6290-43D2-45F1-8F5C-A629BE4D323F}.Ad-Hoc|iPhoneSimulator.Deploy.0 = Ad-Hoc|iPhoneSimulator
		{2AEC6290-43D2-45F1-8F5C-A629BE4D323F}.AppStore|Any CPU.ActiveCfg = AppStore|iPhone
		{2AEC6290-43D2-45F1-8F5C-A629BE4D323F}.AppStore|Any CPU.Build.0 = AppStore|iPhone
		{2AEC6290-43D2-45F1-8F5C-A629BE4D323F}.AppStore|Any CPU.Deploy.0 = AppStore|iPhone
		{2AEC6290-43D2-45F1-8F5C-A629BE4D323F}.AppStore|iPhone.ActiveCfg = AppStore|iPhone
		{2AEC6290-43D2-45F1-8F5C-A629BE4D323F}.AppStore|iPhone.Build.0 = AppStore|iPhone
		{2AEC6290-43D2-45F1-8F5C-A629BE4D323F}.AppStore|iPhone.Deploy.0 = AppStore|iPhone
		{2AEC6290-43D2-45F1-8F5C-A629BE4D323F}.AppStore|iPhoneSimulator.ActiveCfg = AppStore|iPhoneSimulator
		{2AEC6290-43D2-45F1-8F5C-A629BE4D323F}.AppStore|iPhoneSimulator.Build.0 = AppStore|iPhoneSimulator
		{2AEC6290-43D2-45F1-8F5C-A629BE4D323F}.AppStore|iPhoneSimulator.Deploy.0 = AppStore|iPhoneSimulator
		{2AEC6290-43D2-45F1-8F5C-A629BE4D323F}.Debug|Any CPU.ActiveCfg = Debug|iPhoneSimulator
		{2AEC6290-43D2-45F1-8F5C-A629BE4D323F}.Debug|Any CPU.Build.0 = Debug|iPhoneSimulator
		{2AEC6290-43D2-45F1-8F5C-A629BE4D323F}.Debug|Any CPU.Deploy.0 = Debug|iPhoneSimulator
		{2AEC6290-43D2-45F1-8F5C-A629BE4D323F}.Debug|iPhone.ActiveCfg = Debug|iPhone
		{2AEC6290-43D2-45F1-8F5C-A629BE4D323F}.Debug|iPhone.Build.0 = Debug|iPhone
		{2AEC6290-43D2-45F1-8F5C-A629BE4D323F}.Debug|iPhone.Deploy.0 = Debug|iPhone
		{2AEC6290-43D2-45F1-8F5C-A629BE4D323F}.Debug|iPhoneSimulator.ActiveCfg = Debug|iPhoneSimulator
		{2AEC6290-43D2-45F1-8F5C-A629BE4D323F}.Debug|iPhoneSimulator.Build.0 = Debug|iPhoneSimulator
		{2AEC6290-43D2-45F1-8F5C-A629BE4D323F}.Debug|iPhoneSimulator.Deploy.0 = Debug|iPhoneSimulator
		{2AEC6290-43D2-45F1-8F5C-A629BE4D323F}.Release|Any CPU.ActiveCfg = Release|iPhone
		{2AEC6290-43D2-45F1-8F5C-A629BE4D323F}.Release|Any CPU.Build.0 = Release|iPhone
		{2AEC6290-43D2-45F1-8F5C-A629BE4D323F}.Release|Any CPU.Deploy.0 = Release|iPhone
		{2AEC6290-43D2-45F1-8F5C-A629BE4D323F}.Release|iPhone.ActiveCfg = Release|iPhone
		{2AEC6290-43D2-45F1-8F5C-A629BE4D323F}.Release|iPhone.Build.0 = Release|iPhone
		{2AEC6290-43D2-45F1-8F5C-A629BE4D323F}.Release|iPhone.Deploy.0 = Release|iPhone
		{2AEC6290-43D2-45F1-8F5C-A629BE4D323F}.Release|iPhoneSimulator.ActiveCfg = Release|iPhoneSimulator
		{2AEC6290-43D2-45F1-8F5C-A629BE4D323F}.Release|iPhoneSimulator.Build.0 = Release|iPhoneSimulator
		{2AEC6290-43D2-45F1-8F5C-A629BE4D323F}.Release|iPhoneSimulator.Deploy.0 = Release|iPhoneSimulator
		{44327F4C-4677-4F3F-852B-50402050E14F}.Ad-Hoc|Any CPU.ActiveCfg = Debug|Any CPU
		{44327F4C-4677-4F3F-852B-50402050E14F}.Ad-Hoc|Any CPU.Build.0 = Debug|Any CPU
		{44327F4C-4677-4F3F-852B-50402050E14F}.Ad-Hoc|Any CPU.Deploy.0 = Debug|Any CPU
		{44327F4C-4677-4F3F-852B-50402050E14F}.Ad-Hoc|iPhone.ActiveCfg = Debug|Any CPU
		{44327F4C-4677-4F3F-852B-50402050E14F}.Ad-Hoc|iPhone.Build.0 = Debug|Any CPU
		{44327F4C-4677-4F3F-852B-50402050E14F}.Ad-Hoc|iPhone.Deploy.0 = Debug|Any CPU
		{44327F4C-4677-4F3F-852B-50402050E14F}.Ad-Hoc|iPhoneSimulator.ActiveCfg = Debug|Any CPU
		{44327F4C-4677-4F3F-852B-50402050E14F}.Ad-Hoc|iPhoneSimulator.Build.0 = Debug|Any CPU
		{44327F4C-4677-4F3F-852B-50402050E14F}.Ad-Hoc|iPhoneSimulator.Deploy.0 = Debug|Any CPU
		{44327F4C-4677-4F3F-852B-50402050E14F}.AppStore|Any CPU.ActiveCfg = Debug|Any CPU
		{44327F4C-4677-4F3F-852B-50402050E14F}.AppStore|Any CPU.Build.0 = Debug|Any CPU
		{44327F4C-4677-4F3F-852B-50402050E14F}.AppStore|Any CPU.Deploy.0 = Debug|Any CPU
		{44327F4C-4677-4F3F-852B-50402050E14F}.AppStore|iPhone.ActiveCfg = Debug|Any CPU
		{44327F4C-4677-4F3F-852B-50402050E14F}.AppStore|iPhone.Build.0 = Debug|Any CPU
		{44327F4C-4677-4F3F-852B-50402050E14F}.AppStore|iPhone.Deploy.0 = Debug|Any CPU
		{44327F4C-4677-4F3F-852B-50402050E14F}.AppStore|iPhoneSimulator.ActiveCfg = Debug|Any CPU
		{44327F4C-4677-4F3F-852B-50402050E14F}.AppStore|iPhoneSimulator.Build.0 = Debug|Any CPU
		{44327F4C-4677-4F3F-852B-50402050E14F}.AppStore|iPhoneSimulator.Deploy.0 = Debug|Any CPU
		{44327F4C-4677-4F3F-852B-50402050E14F}.Debug|Any CPU.ActiveCfg = Debug|Any CPU
		{44327F4C-4677-4F3F-852B-50402050E14F}.Debug|Any CPU.Build.0 = Debug|Any CPU
		{44327F4C-4677-4F3F-852B-50402050E14F}.Debug|Any CPU.Deploy.0 = Debug|Any CPU
		{44327F4C-4677-4F3F-852B-50402050E14F}.Debug|iPhone.ActiveCfg = Debug|Any CPU
		{44327F4C-4677-4F3F-852B-50402050E14F}.Debug|iPhone.Build.0 = Debug|Any CPU
		{44327F4C-4677-4F3F-852B-50402050E14F}.Debug|iPhone.Deploy.0 = Debug|Any CPU
		{44327F4C-4677-4F3F-852B-50402050E14F}.Debug|iPhoneSimulator.ActiveCfg = Debug|Any CPU
		{44327F4C-4677-4F3F-852B-50402050E14F}.Debug|iPhoneSimulator.Build.0 = Debug|Any CPU
		{44327F4C-4677-4F3F-852B-50402050E14F}.Debug|iPhoneSimulator.Deploy.0 = Debug|Any CPU
		{44327F4C-4677-4F3F-852B-50402050E14F}.Release|Any CPU.ActiveCfg = Release|Any CPU
		{44327F4C-4677-4F3F-852B-50402050E14F}.Release|Any CPU.Build.0 = Release|Any CPU
		{44327F4C-4677-4F3F-852B-50402050E14F}.Release|Any CPU.Deploy.0 = Release|Any CPU
		{44327F4C-4677-4F3F-852B-50402050E14F}.Release|iPhone.ActiveCfg = Release|Any CPU
		{44327F4C-4677-4F3F-852B-50402050E14F}.Release|iPhone.Build.0 = Release|Any CPU
		{44327F4C-4677-4F3F-852B-50402050E14F}.Release|iPhone.Deploy.0 = Release|Any CPU
		{44327F4C-4677-4F3F-852B-50402050E14F}.Release|iPhoneSimulator.ActiveCfg = Release|Any CPU
		{44327F4C-4677-4F3F-852B-50402050E14F}.Release|iPhoneSimulator.Build.0 = Release|Any CPU
		{44327F4C-4677-4F3F-852B-50402050E14F}.Release|iPhoneSimulator.Deploy.0 = Release|Any CPU
	EndGlobalSection
	GlobalSection(SolutionProperties) = preSolution
		HideSolutionNode = FALSE
	EndGlobalSection
	GlobalSection(ExtensibilityGlobals) = postSolution
		SolutionGuid = {919CB8C0-3B12-494A-A5AC-44D7BB497084}
	EndGlobalSection
EndGlobal
